
Microsoft Visual Studio Solution File, Format Version 12.00
# Visual Studio Version 16
VisualStudioVersion = 16.0.30225.117
MinimumVisualStudioVersion = 10.0.40219.1
Project("{9A19103F-16F7-4668-BE54-9A1E7A4F7556}") = "StacksandQueues", "StacksandQueues\StacksandQueues.csproj", "{3385CD0F-4556-479D-A13B-D4714340A4FE}"
EndProject
Project("{9A19103F-16F7-4668-BE54-9A1E7A4F7556}") = "StacksandQueuesTest", "StacksandQueuesTest\StacksandQueuesTest.csproj", "{F7496A03-7875-47F8-AE74-AFAE3D350E5F}"
EndProject
Global
	GlobalSection(SolutionConfigurationPlatforms) = preSolution
		Debug|Any CPU = Debug|Any CPU
		Release|Any CPU = Release|Any CPU
	EndGlobalSection
	GlobalSection(ProjectConfigurationPlatforms) = postSolution
		{3385CD0F-4556-479D-A13B-D4714340A4FE}.Debug|Any CPU.ActiveCfg = Debug|Any CPU
		{3385CD0F-4556-479D-A13B-D4714340A4FE}.Debug|Any CPU.Build.0 = Debug|Any CPU
		{3385CD0F-4556-479D-A13B-D4714340A4FE}.Release|Any CPU.ActiveCfg = Release|Any CPU
		{3385CD0F-4556-479D-A13B-D4714340A4FE}.Release|Any CPU.Build.0 = Release|Any CPU
		{F7496A03-7875-47F8-AE74-AFAE3D350E5F}.Debug|Any CPU.ActiveCfg = Debug|Any CPU
		{F7496A03-7875-47F8-AE74-AFAE3D350E5F}.Debug|Any CPU.Build.0 = Debug|Any CPU
		{F7496A03-7875-47F8-AE74-AFAE3D350E5F}.Release|Any CPU.ActiveCfg = Release|Any CPU
		{F7496A03-7875-47F8-AE74-AFAE3D350E5F}.Release|Any CPU.Build.0 = Release|Any CPU
	EndGlobalSection
	GlobalSection(SolutionProperties) = preSolution
		HideSolutionNode = FALSE
	EndGlobalSection
	GlobalSection(ExtensibilityGlobals) = postSolution
		SolutionGuid = {6880B40E-5571-4299-84FE-DA8F291CB2E9}
	EndGlobalSection
EndGlobal
