
Microsoft Visual Studio Solution File, Format Version 12.00
# Visual Studio Version 16
VisualStudioVersion = 16.0.30225.117
MinimumVisualStudioVersion = 10.0.40219.1
Project("{FAE04EC0-301F-11D3-BF4B-00C04F79EFBC}") = "InsertionSort", "InsertionSort\InsertionSort.csproj", "{B71B399A-61EC-490A-B82D-0161A5EDAB11}"
EndProject
Project("{FAE04EC0-301F-11D3-BF4B-00C04F79EFBC}") = "XUnitTestProject1", "XUnitTestProject1\XUnitTestProject1.csproj", "{5E17DB40-DA98-437C-8A37-ED314639BC61}"
EndProject
Global
	GlobalSection(SolutionConfigurationPlatforms) = preSolution
		Debug|Any CPU = Debug|Any CPU
		Release|Any CPU = Release|Any CPU
	EndGlobalSection
	GlobalSection(ProjectConfigurationPlatforms) = postSolution
		{B71B399A-61EC-490A-B82D-0161A5EDAB11}.Debug|Any CPU.ActiveCfg = Debug|Any CPU
		{B71B399A-61EC-490A-B82D-0161A5EDAB11}.Debug|Any CPU.Build.0 = Debug|Any CPU
		{B71B399A-61EC-490A-B82D-0161A5EDAB11}.Release|Any CPU.ActiveCfg = Release|Any CPU
		{B71B399A-61EC-490A-B82D-0161A5EDAB11}.Release|Any CPU.Build.0 = Release|Any CPU
		{5E17DB40-DA98-437C-8A37-ED314639BC61}.Debug|Any CPU.ActiveCfg = Debug|Any CPU
		{5E17DB40-DA98-437C-8A37-ED314639BC61}.Debug|Any CPU.Build.0 = Debug|Any CPU
		{5E17DB40-DA98-437C-8A37-ED314639BC61}.Release|Any CPU.ActiveCfg = Release|Any CPU
		{5E17DB40-DA98-437C-8A37-ED314639BC61}.Release|Any CPU.Build.0 = Release|Any CPU
	EndGlobalSection
	GlobalSection(SolutionProperties) = preSolution
		HideSolutionNode = FALSE
	EndGlobalSection
	GlobalSection(ExtensibilityGlobals) = postSolution
		SolutionGuid = {4245261C-85FC-493E-A4B4-D0885E004616}
	EndGlobalSection
EndGlobal
