
Microsoft Visual Studio Solution File, Format Version 12.00
# Visual Studio Version 16
VisualStudioVersion = 16.0.30225.117
MinimumVisualStudioVersion = 10.0.40219.1
Project("{FAE04EC0-301F-11D3-BF4B-00C04F79EFBC}") = "tree", "tree\tree.csproj", "{271B460D-6EF6-4915-AB78-ACA968550B2E}"
EndProject
Project("{FAE04EC0-301F-11D3-BF4B-00C04F79EFBC}") = "XUnitTestProject1", "XUnitTestProject1\XUnitTestProject1.csproj", "{FD03A9DA-90E0-4D6A-A77B-BE987015BD06}"
EndProject
Global
	GlobalSection(SolutionConfigurationPlatforms) = preSolution
		Debug|Any CPU = Debug|Any CPU
		Release|Any CPU = Release|Any CPU
	EndGlobalSection
	GlobalSection(ProjectConfigurationPlatforms) = postSolution
		{271B460D-6EF6-4915-AB78-ACA968550B2E}.Debug|Any CPU.ActiveCfg = Debug|Any CPU
		{271B460D-6EF6-4915-AB78-ACA968550B2E}.Debug|Any CPU.Build.0 = Debug|Any CPU
		{271B460D-6EF6-4915-AB78-ACA968550B2E}.Release|Any CPU.ActiveCfg = Release|Any CPU
		{271B460D-6EF6-4915-AB78-ACA968550B2E}.Release|Any CPU.Build.0 = Release|Any CPU
		{FD03A9DA-90E0-4D6A-A77B-BE987015BD06}.Debug|Any CPU.ActiveCfg = Debug|Any CPU
		{FD03A9DA-90E0-4D6A-A77B-BE987015BD06}.Debug|Any CPU.Build.0 = Debug|Any CPU
		{FD03A9DA-90E0-4D6A-A77B-BE987015BD06}.Release|Any CPU.ActiveCfg = Release|Any CPU
		{FD03A9DA-90E0-4D6A-A77B-BE987015BD06}.Release|Any CPU.Build.0 = Release|Any CPU
	EndGlobalSection
	GlobalSection(SolutionProperties) = preSolution
		HideSolutionNode = FALSE
	EndGlobalSection
	GlobalSection(ExtensibilityGlobals) = postSolution
		SolutionGuid = {60E6A120-1155-451F-9EEB-AD6C0772AF69}
	EndGlobalSection
EndGlobal
